
Microsoft Visual Studio Solution File, Format Version 12.00
# Visual Studio Version 17
VisualStudioVersion = 17.13.35931.197
MinimumVisualStudioVersion = 10.0.40219.1
Project("{FAE04EC0-301F-11D3-BF4B-00C04F79EFBC}") = "Quantun_Forge", "Quantun_Forge\Quantun_Forge.csproj", "{9BFEFB80-9855-477E-A5C1-044E6A1A527A}"
EndProject
Project("{FAE04EC0-301F-11D3-BF4B-00C04F79EFBC}") = "Quantum_Forge.Services", "Quantum_Forge.Services\Quantum_Forge.Services.csproj", "{A7466E4B-79A8-44EB-AE1B-B2280947EECD}"
EndProject
Project("{FAE04EC0-301F-11D3-BF4B-00C04F79EFBC}") = "Quantun_Forge.OSharp", "Quantun_Forge.OSharp\Quantun_Forge.OSharp.csproj", "{9DFF841A-AE63-4CF9-8D14-FDF7DA73857C}"
EndProject
Global
	GlobalSection(SolutionConfigurationPlatforms) = preSolution
		Debug|Any CPU = Debug|Any CPU
		Debug|x64 = Debug|x64
		Debug|x86 = Debug|x86
		Release|Any CPU = Release|Any CPU
		Release|x64 = Release|x64
		Release|x86 = Release|x86
	EndGlobalSection
	GlobalSection(ProjectConfigurationPlatforms) = postSolution
		{9BFEFB80-9855-477E-A5C1-044E6A1A527A}.Debug|Any CPU.ActiveCfg = Debug|Any CPU
		{9BFEFB80-9855-477E-A5C1-044E6A1A527A}.Debug|Any CPU.Build.0 = Debug|Any CPU
		{9BFEFB80-9855-477E-A5C1-044E6A1A527A}.Debug|x64.ActiveCfg = Debug|x64
		{9BFEFB80-9855-477E-A5C1-044E6A1A527A}.Debug|x64.Build.0 = Debug|x64
		{9BFEFB80-9855-477E-A5C1-044E6A1A527A}.Debug|x86.ActiveCfg = Debug|Any CPU
		{9BFEFB80-9855-477E-A5C1-044E6A1A527A}.Debug|x86.Build.0 = Debug|Any CPU
		{9BFEFB80-9855-477E-A5C1-044E6A1A527A}.Release|Any CPU.ActiveCfg = Release|Any CPU
		{9BFEFB80-9855-477E-A5C1-044E6A1A527A}.Release|Any CPU.Build.0 = Release|Any CPU
		{9BFEFB80-9855-477E-A5C1-044E6A1A527A}.Release|x64.ActiveCfg = Release|x64
		{9BFEFB80-9855-477E-A5C1-044E6A1A527A}.Release|x64.Build.0 = Release|x64
		{9BFEFB80-9855-477E-A5C1-044E6A1A527A}.Release|x86.ActiveCfg = Release|Any CPU
		{9BFEFB80-9855-477E-A5C1-044E6A1A527A}.Release|x86.Build.0 = Release|Any CPU
		{A7466E4B-79A8-44EB-AE1B-B2280947EECD}.Debug|Any CPU.ActiveCfg = Debug|Any CPU
		{A7466E4B-79A8-44EB-AE1B-B2280947EECD}.Debug|Any CPU.Build.0 = Debug|Any CPU
		{A7466E4B-79A8-44EB-AE1B-B2280947EECD}.Debug|x64.ActiveCfg = Debug|x64
		{A7466E4B-79A8-44EB-AE1B-B2280947EECD}.Debug|x64.Build.0 = Debug|x64
		{A7466E4B-79A8-44EB-AE1B-B2280947EECD}.Debug|x86.ActiveCfg = Debug|Any CPU
		{A7466E4B-79A8-44EB-AE1B-B2280947EECD}.Debug|x86.Build.0 = Debug|Any CPU
		{A7466E4B-79A8-44EB-AE1B-B2280947EECD}.Release|Any CPU.ActiveCfg = Release|Any CPU
		{A7466E4B-79A8-44EB-AE1B-B2280947EECD}.Release|Any CPU.Build.0 = Release|Any CPU
		{A7466E4B-79A8-44EB-AE1B-B2280947EECD}.Release|x64.ActiveCfg = Release|Any CPU
		{A7466E4B-79A8-44EB-AE1B-B2280947EECD}.Release|x64.Build.0 = Release|Any CPU
		{A7466E4B-79A8-44EB-AE1B-B2280947EECD}.Release|x86.ActiveCfg = Release|Any CPU
		{A7466E4B-79A8-44EB-AE1B-B2280947EECD}.Release|x86.Build.0 = Release|Any CPU
		{9DFF841A-AE63-4CF9-8D14-FDF7DA73857C}.Debug|Any CPU.ActiveCfg = Debug|Any CPU
		{9DFF841A-AE63-4CF9-8D14-FDF7DA73857C}.Debug|Any CPU.Build.0 = Debug|Any CPU
		{9DFF841A-AE63-4CF9-8D14-FDF7DA73857C}.Debug|x64.ActiveCfg = Debug|Any CPU
		{9DFF841A-AE63-4CF9-8D14-FDF7DA73857C}.Debug|x64.Build.0 = Debug|Any CPU
		{9DFF841A-AE63-4CF9-8D14-FDF7DA73857C}.Debug|x86.ActiveCfg = Debug|Any CPU
		{9DFF841A-AE63-4CF9-8D14-FDF7DA73857C}.Debug|x86.Build.0 = Debug|Any CPU
		{9DFF841A-AE63-4CF9-8D14-FDF7DA73857C}.Release|Any CPU.ActiveCfg = Release|Any CPU
		{9DFF841A-AE63-4CF9-8D14-FDF7DA73857C}.Release|Any CPU.Build.0 = Release|Any CPU
		{9DFF841A-AE63-4CF9-8D14-FDF7DA73857C}.Release|x64.ActiveCfg = Release|Any CPU
		{9DFF841A-AE63-4CF9-8D14-FDF7DA73857C}.Release|x64.Build.0 = Release|Any CPU
		{9DFF841A-AE63-4CF9-8D14-FDF7DA73857C}.Release|x86.ActiveCfg = Release|Any CPU
		{9DFF841A-AE63-4CF9-8D14-FDF7DA73857C}.Release|x86.Build.0 = Release|Any CPU
	EndGlobalSection
	GlobalSection(SolutionProperties) = preSolution
		HideSolutionNode = FALSE
	EndGlobalSection
	GlobalSection(ExtensibilityGlobals) = postSolution
		SolutionGuid = {80094ECF-2C66-4F7C-93D9-3A68335EFC43}
	EndGlobalSection
EndGlobal
